// !$*UTF8*$!
{
	archiveVersion = 1;
	classes = {
	};
	objectVersion = 48;
	objects = {

/* Begin PBXBuildFile section */
		EB370B51202B1051008A5654 /* AppDelegate.swift in Sources */ = {isa = PBXBuildFile; fileRef = EB370B50202B1051008A5654 /* AppDelegate.swift */; };
		EB370B53202B1051008A5654 /* ViewController.swift in Sources */ = {isa = PBXBuildFile; fileRef = EB370B52202B1051008A5654 /* ViewController.swift */; };
		EB370B56202B1051008A5654 /* Main.storyboard in Resources */ = {isa = PBXBuildFile; fileRef = EB370B54202B1051008A5654 /* Main.storyboard */; };
		EB370B58202B1051008A5654 /* Assets.xcassets in Resources */ = {isa = PBXBuildFile; fileRef = EB370B57202B1051008A5654 /* Assets.xcassets */; };
		EB370B5B202B1051008A5654 /* LaunchScreen.storyboard in Resources */ = {isa = PBXBuildFile; fileRef = EB370B59202B1051008A5654 /* LaunchScreen.storyboard */; };
		EB370B63202B3464008A5654 /* DetailedViewController.swift in Sources */ = {isa = PBXBuildFile; fileRef = EB370B62202B3464008A5654 /* DetailedViewController.swift */; };
		EB5A5A98202C566800BE3338 /* Constants.swift in Sources */ = {isa = PBXBuildFile; fileRef = EB5A5A97202C566700BE3338 /* Constants.swift */; };
/* End PBXBuildFile section */

/* Begin PBXFileReference section */
		EB370B4D202B1051008A5654 /* ToDo UserDefaults.app */ = {isa = PBXFileReference; explicitFileType = wrapper.application; includeInIndex = 0; path = "ToDo UserDefaults.app"; sourceTree = BUILT_PRODUCTS_DIR; };
		EB370B50202B1051008A5654 /* AppDelegate.swift */ = {isa = PBXFileReference; lastKnownFileType = sourcecode.swift; path = AppDelegate.swift; sourceTree = "<group>"; };
		EB370B52202B1051008A5654 /* ViewController.swift */ = {isa = PBXFileReference; lastKnownFileType = sourcecode.swift; path = ViewController.swift; sourceTree = "<group>"; };
		EB370B55202B1051008A5654 /* Base */ = {isa = PBXFileReference; lastKnownFileType = file.storyboard; name = Base; path = Base.lproj/Main.storyboard; sourceTree = "<group>"; };
		EB370B57202B1051008A5654 /* Assets.xcassets */ = {isa = PBXFileReference; lastKnownFileType = folder.assetcatalog; path = Assets.xcassets; sourceTree = "<group>"; };
		EB370B5A202B1051008A5654 /* Base */ = {isa = PBXFileReference; lastKnownFileType = file.storyboard; name = Base; path = Base.lproj/LaunchScreen.storyboard; sourceTree = "<group>"; };
		EB370B5C202B1051008A5654 /* Info.plist */ = {isa = PBXFileReference; lastKnownFileType = text.plist.xml; path = Info.plist; sourceTree = "<group>"; };
		EB370B62202B3464008A5654 /* DetailedViewController.swift */ = {isa = PBXFileReference; lastKnownFileType = sourcecode.swift; path = DetailedViewController.swift; sourceTree = "<group>"; };
		EB5A5A97202C566700BE3338 /* Constants.swift */ = {isa = PBXFileReference; lastKnownFileType = sourcecode.swift; path = Constants.swift; sourceTree = "<group>"; };
/* End PBXFileReference section */

/* Begin PBXFrameworksBuildPhase section */
		EB370B4A202B1051008A5654 /* Frameworks */ = {
			isa = PBXFrameworksBuildPhase;
			buildActionMask = 2147483647;
			files = (
			);
			runOnlyForDeploymentPostprocessing = 0;
		};
/* End PBXFrameworksBuildPhase section */

/* Begin PBXGroup section */
		EB370B44202B1051008A5654 = {
			isa = PBXGroup;
			children = (
				EB370B4F202B1051008A5654 /* ToDo UserDefaults */,
				EB370B4E202B1051008A5654 /* Products */,
			);
			sourceTree = "<group>";
		};
		EB370B4E202B1051008A5654 /* Products */ = {
			isa = PBXGroup;
			children = (
				EB370B4D202B1051008A5654 /* ToDo UserDefaults.app */,
			);
			name = Products;
			sourceTree = "<group>";
		};
		EB370B4F202B1051008A5654 /* ToDo UserDefaults */ = {
			isa = PBXGroup;
			children = (
				EB370B50202B1051008A5654 /* AppDelegate.swift */,
				EB5A5A99202C712500BE3338 /* Models */,
				EB370B54202B1051008A5654 /* Main.storyboard */,
				EB370B57202B1051008A5654 /* Assets.xcassets */,
				EB370B59202B1051008A5654 /* LaunchScreen.storyboard */,
				EB370B5C202B1051008A5654 /* Info.plist */,
			);
			path = "ToDo UserDefaults";
			sourceTree = "<group>";
		};
		EB5A5A99202C712500BE3338 /* Models */ = {
			isa = PBXGroup;
			children = (
				EB370B52202B1051008A5654 /* ViewController.swift */,
				EB370B62202B3464008A5654 /* DetailedViewController.swift */,
				EB5A5A97202C566700BE3338 /* Constants.swift */,
			);
			path = Models;
			sourceTree = "<group>";
		};
/* End PBXGroup section */

/* Begin PBXNativeTarget section */
		EB370B4C202B1051008A5654 /* ToDo UserDefaults */ = {
			isa = PBXNativeTarget;
			buildConfigurationList = EB370B5F202B1051008A5654 /* Build configuration list for PBXNativeTarget "ToDo UserDefaults" */;
			buildPhases = (
				EB370B49202B1051008A5654 /* Sources */,
				EB370B4A202B1051008A5654 /* Frameworks */,
				EB370B4B202B1051008A5654 /* Resources */,
			);
			buildRules = (
			);
			dependencies = (
			);
			name = "ToDo UserDefaults";
			productName = "ToDo UserDefaults";
			productReference = EB370B4D202B1051008A5654 /* ToDo UserDefaults.app */;
			productType = "com.apple.product-type.application";
		};
/* End PBXNativeTarget section */

/* Begin PBXProject section */
		EB370B45202B1051008A5654 /* Project object */ = {
			isa = PBXProject;
			attributes = {
				LastSwiftUpdateCheck = 0920;
				LastUpgradeCheck = 0920;
				ORGANIZATIONNAME = "Prateek Roy";
				TargetAttributes = {
					EB370B4C202B1051008A5654 = {
						CreatedOnToolsVersion = 9.2;
						ProvisioningStyle = Automatic;
					};
				};
			};
			buildConfigurationList = EB370B48202B1051008A5654 /* Build configuration list for PBXProject "ToDo UserDefaults" */;
			compatibilityVersion = "Xcode 8.0";
			developmentRegion = en;
			hasScannedForEncodings = 0;
			knownRegions = (
				en,
				Base,
			);
			mainGroup = EB370B44202B1051008A5654;
			productRefGroup = EB370B4E202B1051008A5654 /* Products */;
			projectDirPath = "";
			projectRoot = "";
			targets = (
				EB370B4C202B1051008A5654 /* ToDo UserDefaults */,
			);
		};
/* End PBXProject section */

/* Begin PBXResourcesBuildPhase section */
		EB370B4B202B1051008A5654 /* Resources */ = {
			isa = PBXResourcesBuildPhase;
			buildActionMask = 2147483647;
			files = (
				EB370B5B202B1051008A5654 /* LaunchScreen.storyboard in Resources */,
				EB370B58202B1051008A5654 /* Assets.xcassets in Resources */,
				EB370B56202B1051008A5654 /* Main.storyboard in Resources */,
			);
			runOnlyForDeploymentPostprocessing = 0;
		};
/* End PBXResourcesBuildPhase section */

/* Begin PBXSourcesBuildPhase section */
		EB370B49202B1051008A5654 /* Sources */ = {
			isa = PBXSourcesBuildPhase;
			buildActionMask = 2147483647;
			files = (
				EB370B53202B1051008A5654 /* ViewController.swift in Sources */,
				EB370B51202B1051008A5654 /* AppDelegate.swift in Sources */,
				EB370B63202B3464008A5654 /* DetailedViewController.swift in Sources */,
				EB5A5A98202C566800BE3338 /* Constants.swift in Sources */,
			);
			runOnlyForDeploymentPostprocessing = 0;
		};
/* End PBXSourcesBuildPhase section */

/* Begin PBXVariantGroup section */
		EB370B54202B1051008A5654 /* Main.storyboard */ = {
			isa = PBXVariantGroup;
			children = (
				EB370B55202B1051008A5654 /* Base */,
			);
			name = Main.storyboard;
			sourceTree = "<group>";
		};
		EB370B59202B1051008A5654 /* LaunchScreen.storyboard */ = {
			isa = PBXVariantGroup;
			children = (
				EB370B5A202B1051008A5654 /* Base */,
			);
			name = LaunchScreen.storyboard;
			sourceTree = "<group>";
		};
/* End PBXVariantGroup section */

/* Begin XCBuildConfiguration section */
		EB370B5D202B1051008A5654 /* Debug */ = {
			isa = XCBuildConfiguration;
			buildSettings = {
				ALWAYS_SEARCH_USER_PATHS = NO;
				CLANG_ANALYZER_NONNULL = YES;
				CLANG_ANALYZER_NUMBER_OBJECT_CONVERSION = YES_AGGRESSIVE;
				CLANG_CXX_LANGUAGE_STANDARD = "gnu++14";
				CLANG_CXX_LIBRARY = "libc++";
				CLANG_ENABLE_MODULES = YES;
				CLANG_ENABLE_OBJC_ARC = YES;
				CLANG_WARN_BLOCK_CAPTURE_AUTORELEASING = YES;
				CLANG_WARN_BOOL_CONVERSION = YES;
				CLANG_WARN_COMMA = YES;
				CLANG_WARN_CONSTANT_CONVERSION = YES;
				CLANG_WARN_DIRECT_OBJC_ISA_USAGE = YES_ERROR;
				CLANG_WARN_DOCUMENTATION_COMMENTS = YES;
				CLANG_WARN_EMPTY_BODY = YES;
				CLANG_WARN_ENUM_CONVERSION = YES;
				CLANG_WARN_INFINITE_RECURSION = YES;
				CLANG_WARN_INT_CONVERSION = YES;
				CLANG_WARN_NON_LITERAL_NULL_CONVERSION = YES;
				CLANG_WARN_OBJC_LITERAL_CONVERSION = YES;
				CLANG_WARN_OBJC_ROOT_CLASS = YES_ERROR;
				CLANG_WARN_RANGE_LOOP_ANALYSIS = YES;
				CLANG_WARN_STRICT_PROTOTYPES = YES;
				CLANG_WARN_SUSPICIOUS_MOVE = YES;
				CLANG_WARN_UNGUARDED_AVAILABILITY = YES_AGGRESSIVE;
				CLANG_WARN_UNREACHABLE_CODE = YES;
				CLANG_WARN__DUPLICATE_METHOD_MATCH = YES;
				CODE_SIGN_IDENTITY = "iPhone Developer";
				COPY_PHASE_STRIP = NO;
				DEBUG_INFORMATION_FORMAT = dwarf;
				ENABLE_STRICT_OBJC_MSGSEND = YES;
				ENABLE_TESTABILITY = YES;
				GCC_C_LANGUAGE_STANDARD = gnu11;
				GCC_DYNAMIC_NO_PIC = NO;
				GCC_NO_COMMON_BLOCKS = YES;
				GCC_OPTIMIZATION_LEVEL = 0;
				GCC_PREPROCESSOR_DEFINITIONS = (
					"DEBUG=1",
					"$(inherited)",
				);
				GCC_WARN_64_TO_32_BIT_CONVERSION = YES;
				GCC_WARN_ABOUT_RETURN_TYPE = YES_ERROR;
				GCC_WARN_UNDECLARED_SELECTOR = YES;
				GCC_WARN_UNINITIALIZED_AUTOS = YES_AGGRESSIVE;
				GCC_WARN_UNUSED_FUNCTION = YES;
				GCC_WARN_UNUSED_VARIABLE = YES;
				IPHONEOS_DEPLOYMENT_TARGET = 11.2;
				MTL_ENABLE_DEBUG_INFO = YES;
				ONLY_ACTIVE_ARCH = YES;
				SDKROOT = iphoneos;
				SWIFT_ACTIVE_COMPILATION_CONDITIONS = DEBUG;
				SWIFT_OPTIMIZATION_LEVEL = "-Onone";
			};
			name = Debug;
		};
		EB370B5E202B1051008A5654 /* Release */ = {
			isa = XCBuildConfiguration;
			buildSettings = {
				ALWAYS_SEARCH_USER_PATHS = NO;
				CLANG_ANALYZER_NONNULL = YES;
				CLANG_ANALYZER_NUMBER_OBJECT_CONVERSION = YES_AGGRESSIVE;
				CLANG_CXX_LANGUAGE_STANDARD = "gnu++14";
				CLANG_CXX_LIBRARY = "libc++";
				CLANG_ENABLE_MODULES = YES;
				CLANG_ENABLE_OBJC_ARC = YES;
				CLANG_WARN_BLOCK_CAPTURE_AUTORELEASING = YES;
				CLANG_WARN_BOOL_CONVERSION = YES;
				CLANG_WARN_COMMA = YES;
				CLANG_WARN_CONSTANT_CONVERSION = YES;
				CLANG_WARN_DIRECT_OBJC_ISA_USAGE = YES_ERROR;
				CLANG_WARN_DOCUMENTATION_COMMENTS = YES;
				CLANG_WARN_EMPTY_BODY = YES;
				CLANG_WARN_ENUM_CONVERSION = YES;
				CLANG_WARN_INFINITE_RECURSION = YES;
				CLANG_WARN_INT_CONVERSION = YES;
				CLANG_WARN_NON_LITERAL_NULL_CONVERSION = YES;
				CLANG_WARN_OBJC_LITERAL_CONVERSION = YES;
				CLANG_WARN_OBJC_ROOT_CLASS = YES_ERROR;
				CLANG_WARN_RANGE_LOOP_ANALYSIS = YES;
				CLANG_WARN_STRICT_PROTOTYPES = YES;
				CLANG_WARN_SUSPICIOUS_MOVE = YES;
				CLANG_WARN_UNGUARDED_AVAILABILITY = YES_AGGRESSIVE;
				CLANG_WARN_UNREACHABLE_CODE = YES;
				CLANG_WARN__DUPLICATE_METHOD_MATCH = YES;
				CODE_SIGN_IDENTITY = "iPhone Developer";
				COPY_PHASE_STRIP = NO;
				DEBUG_INFORMATION_FORMAT = "dwarf-with-dsym";
				ENABLE_NS_ASSERTIONS = NO;
				ENABLE_STRICT_OBJC_MSGSEND = YES;
				GCC_C_LANGUAGE_STANDARD = gnu11;
				GCC_NO_COMMON_BLOCKS = YES;
				GCC_WARN_64_TO_32_BIT_CONVERSION = YES;
				GCC_WARN_ABOUT_RETURN_TYPE = YES_ERROR;
				GCC_WARN_UNDECLARED_SELECTOR = YES;
				GCC_WARN_UNINITIALIZED_AUTOS = YES_AGGRESSIVE;
				GCC_WARN_UNUSED_FUNCTION = YES;
				GCC_WARN_UNUSED_VARIABLE = YES;
				IPHONEOS_DEPLOYMENT_TARGET = 11.2;
				MTL_ENABLE_DEBUG_INFO = NO;
				SDKROOT = iphoneos;
				SWIFT_OPTIMIZATION_LEVEL = "-Owholemodule";
				VALIDATE_PRODUCT = YES;
			};
			name = Release;
		};
		EB370B60202B1051008A5654 /* Debug */ = {
			isa = XCBuildConfiguration;
			buildSettings = {
				ASSETCATALOG_COMPILER_APPICON_NAME = AppIcon;
				CODE_SIGN_STYLE = Automatic;
				INFOPLIST_FILE = "ToDo UserDefaults/Info.plist";
				LD_RUNPATH_SEARCH_PATHS = "$(inherited) @executable_path/Frameworks";
				PRODUCT_BUNDLE_IDENTIFIER = "royprateek.ToDo-UserDefaults";
				PRODUCT_NAME = "$(TARGET_NAME)";
				SWIFT_VERSION = 4.0;
				TARGETED_DEVICE_FAMILY = "1,2";
			};
			name = Debug;
		};
		EB370B61202B1051008A5654 /* Release */ = {
			isa = XCBuildConfiguration;
			buildSettings = {
				ASSETCATALOG_COMPILER_APPICON_NAME = AppIcon;
				CODE_SIGN_STYLE = Automatic;
				INFOPLIST_FILE = "ToDo UserDefaults/Info.plist";
				LD_RUNPATH_SEARCH_PATHS = "$(inherited) @executable_path/Frameworks";
				PRODUCT_BUNDLE_IDENTIFIER = "royprateek.ToDo-UserDefaults";
				PRODUCT_NAME = "$(TARGET_NAME)";
				SWIFT_VERSION = 4.0;
				TARGETED_DEVICE_FAMILY = "1,2";
			};
			name = Release;
		};
/* End XCBuildConfiguration section */

/* Begin XCConfigurationList section */
		EB370B48202B1051008A5654 /* Build configuration list for PBXProject "ToDo UserDefaults" */ = {
			isa = XCConfigurationList;
			buildConfigurations = (
				EB370B5D202B1051008A5654 /* Debug */,
				EB370B5E202B1051008A5654 /* Release */,
			);
			defaultConfigurationIsVisible = 0;
			defaultConfigurationName = Release;
		};
		EB370B5F202B1051008A5654 /* Build configuration list for PBXNativeTarget "ToDo UserDefaults" */ = {
			isa = XCConfigurationList;
			buildConfigurations = (
				EB370B60202B1051008A5654 /* Debug */,
				EB370B61202B1051008A5654 /* Release */,
			);
			defaultConfigurationIsVisible = 0;
			defaultConfigurationName = Release;
		};
/* End XCConfigurationList section */
	};
	rootObject = EB370B45202B1051008A5654 /* Project object */;
}
