// !$*UTF8*$!
{
	archiveVersion = 1;
	classes = {
	};
	objectVersion = 48;
	objects = {

/* Begin PBXBuildFile section */
		EB3A0D601FF3ECC00060A8FA /* AppDelegate.swift in Sources */ = {isa = PBXBuildFile; fileRef = EB3A0D5F1FF3ECC00060A8FA /* AppDelegate.swift */; };
		EB3A0D621FF3ECC00060A8FA /* ViewController.swift in Sources */ = {isa = PBXBuildFile; fileRef = EB3A0D611FF3ECC00060A8FA /* ViewController.swift */; };
		EB3A0D651FF3ECC00060A8FA /* Main.storyboard in Resources */ = {isa = PBXBuildFile; fileRef = EB3A0D631FF3ECC00060A8FA /* Main.storyboard */; };
		EB3A0D671FF3ECC10060A8FA /* Assets.xcassets in Resources */ = {isa = PBXBuildFile; fileRef = EB3A0D661FF3ECC10060A8FA /* Assets.xcassets */; };
		EB3A0D6A1FF3ECC10060A8FA /* LaunchScreen.storyboard in Resources */ = {isa = PBXBuildFile; fileRef = EB3A0D681FF3ECC10060A8FA /* LaunchScreen.storyboard */; };
		EB3A0D751FF3ECC10060A8FA /* ACoffeeAppTests.swift in Sources */ = {isa = PBXBuildFile; fileRef = EB3A0D741FF3ECC10060A8FA /* ACoffeeAppTests.swift */; };
		EB3A0D801FF3ECC20060A8FA /* ACoffeeAppUITests.swift in Sources */ = {isa = PBXBuildFile; fileRef = EB3A0D7F1FF3ECC20060A8FA /* ACoffeeAppUITests.swift */; };
/* End PBXBuildFile section */

/* Begin PBXContainerItemProxy section */
		EB3A0D711FF3ECC10060A8FA /* PBXContainerItemProxy */ = {
			isa = PBXContainerItemProxy;
			containerPortal = EB3A0D541FF3ECC00060A8FA /* Project object */;
			proxyType = 1;
			remoteGlobalIDString = EB3A0D5B1FF3ECC00060A8FA;
			remoteInfo = ACoffeeApp;
		};
		EB3A0D7C1FF3ECC10060A8FA /* PBXContainerItemProxy */ = {
			isa = PBXContainerItemProxy;
			containerPortal = EB3A0D541FF3ECC00060A8FA /* Project object */;
			proxyType = 1;
			remoteGlobalIDString = EB3A0D5B1FF3ECC00060A8FA;
			remoteInfo = ACoffeeApp;
		};
/* End PBXContainerItemProxy section */

/* Begin PBXFileReference section */
		EB3A0D5C1FF3ECC00060A8FA /* ACoffeeApp.app */ = {isa = PBXFileReference; explicitFileType = wrapper.application; includeInIndex = 0; path = ACoffeeApp.app; sourceTree = BUILT_PRODUCTS_DIR; };
		EB3A0D5F1FF3ECC00060A8FA /* AppDelegate.swift */ = {isa = PBXFileReference; lastKnownFileType = sourcecode.swift; path = AppDelegate.swift; sourceTree = "<group>"; };
		EB3A0D611FF3ECC00060A8FA /* ViewController.swift */ = {isa = PBXFileReference; lastKnownFileType = sourcecode.swift; path = ViewController.swift; sourceTree = "<group>"; };
		EB3A0D641FF3ECC00060A8FA /* Base */ = {isa = PBXFileReference; lastKnownFileType = file.storyboard; name = Base; path = Base.lproj/Main.storyboard; sourceTree = "<group>"; };
		EB3A0D661FF3ECC10060A8FA /* Assets.xcassets */ = {isa = PBXFileReference; lastKnownFileType = folder.assetcatalog; path = Assets.xcassets; sourceTree = "<group>"; };
		EB3A0D691FF3ECC10060A8FA /* Base */ = {isa = PBXFileReference; lastKnownFileType = file.storyboard; name = Base; path = Base.lproj/LaunchScreen.storyboard; sourceTree = "<group>"; };
		EB3A0D6B1FF3ECC10060A8FA /* Info.plist */ = {isa = PBXFileReference; lastKnownFileType = text.plist.xml; path = Info.plist; sourceTree = "<group>"; };
		EB3A0D701FF3ECC10060A8FA /* ACoffeeAppTests.xctest */ = {isa = PBXFileReference; explicitFileType = wrapper.cfbundle; includeInIndex = 0; path = ACoffeeAppTests.xctest; sourceTree = BUILT_PRODUCTS_DIR; };
		EB3A0D741FF3ECC10060A8FA /* ACoffeeAppTests.swift */ = {isa = PBXFileReference; lastKnownFileType = sourcecode.swift; path = ACoffeeAppTests.swift; sourceTree = "<group>"; };
		EB3A0D761FF3ECC10060A8FA /* Info.plist */ = {isa = PBXFileReference; lastKnownFileType = text.plist.xml; path = Info.plist; sourceTree = "<group>"; };
		EB3A0D7B1FF3ECC10060A8FA /* ACoffeeAppUITests.xctest */ = {isa = PBXFileReference; explicitFileType = wrapper.cfbundle; includeInIndex = 0; path = ACoffeeAppUITests.xctest; sourceTree = BUILT_PRODUCTS_DIR; };
		EB3A0D7F1FF3ECC20060A8FA /* ACoffeeAppUITests.swift */ = {isa = PBXFileReference; lastKnownFileType = sourcecode.swift; path = ACoffeeAppUITests.swift; sourceTree = "<group>"; };
		EB3A0D811FF3ECC20060A8FA /* Info.plist */ = {isa = PBXFileReference; lastKnownFileType = text.plist.xml; path = Info.plist; sourceTree = "<group>"; };
/* End PBXFileReference section */

/* Begin PBXFrameworksBuildPhase section */
		EB3A0D591FF3ECC00060A8FA /* Frameworks */ = {
			isa = PBXFrameworksBuildPhase;
			buildActionMask = 2147483647;
			files = (
			);
			runOnlyForDeploymentPostprocessing = 0;
		};
		EB3A0D6D1FF3ECC10060A8FA /* Frameworks */ = {
			isa = PBXFrameworksBuildPhase;
			buildActionMask = 2147483647;
			files = (
			);
			runOnlyForDeploymentPostprocessing = 0;
		};
		EB3A0D781FF3ECC10060A8FA /* Frameworks */ = {
			isa = PBXFrameworksBuildPhase;
			buildActionMask = 2147483647;
			files = (
			);
			runOnlyForDeploymentPostprocessing = 0;
		};
/* End PBXFrameworksBuildPhase section */

/* Begin PBXGroup section */
		EB3A0D531FF3ECC00060A8FA = {
			isa = PBXGroup;
			children = (
				EB3A0D5E1FF3ECC00060A8FA /* ACoffeeApp */,
				EB3A0D731FF3ECC10060A8FA /* ACoffeeAppTests */,
				EB3A0D7E1FF3ECC20060A8FA /* ACoffeeAppUITests */,
				EB3A0D5D1FF3ECC00060A8FA /* Products */,
			);
			sourceTree = "<group>";
		};
		EB3A0D5D1FF3ECC00060A8FA /* Products */ = {
			isa = PBXGroup;
			children = (
				EB3A0D5C1FF3ECC00060A8FA /* ACoffeeApp.app */,
				EB3A0D701FF3ECC10060A8FA /* ACoffeeAppTests.xctest */,
				EB3A0D7B1FF3ECC10060A8FA /* ACoffeeAppUITests.xctest */,
			);
			name = Products;
			sourceTree = "<group>";
		};
		EB3A0D5E1FF3ECC00060A8FA /* ACoffeeApp */ = {
			isa = PBXGroup;
			children = (
				EB3A0D5F1FF3ECC00060A8FA /* AppDelegate.swift */,
				EB3A0D611FF3ECC00060A8FA /* ViewController.swift */,
				EB3A0D631FF3ECC00060A8FA /* Main.storyboard */,
				EB3A0D661FF3ECC10060A8FA /* Assets.xcassets */,
				EB3A0D681FF3ECC10060A8FA /* LaunchScreen.storyboard */,
				EB3A0D6B1FF3ECC10060A8FA /* Info.plist */,
			);
			path = ACoffeeApp;
			sourceTree = "<group>";
		};
		EB3A0D731FF3ECC10060A8FA /* ACoffeeAppTests */ = {
			isa = PBXGroup;
			children = (
				EB3A0D741FF3ECC10060A8FA /* ACoffeeAppTests.swift */,
				EB3A0D761FF3ECC10060A8FA /* Info.plist */,
			);
			path = ACoffeeAppTests;
			sourceTree = "<group>";
		};
		EB3A0D7E1FF3ECC20060A8FA /* ACoffeeAppUITests */ = {
			isa = PBXGroup;
			children = (
				EB3A0D7F1FF3ECC20060A8FA /* ACoffeeAppUITests.swift */,
				EB3A0D811FF3ECC20060A8FA /* Info.plist */,
			);
			path = ACoffeeAppUITests;
			sourceTree = "<group>";
		};
/* End PBXGroup section */

/* Begin PBXNativeTarget section */
		EB3A0D5B1FF3ECC00060A8FA /* ACoffeeApp */ = {
			isa = PBXNativeTarget;
			buildConfigurationList = EB3A0D841FF3ECC20060A8FA /* Build configuration list for PBXNativeTarget "ACoffeeApp" */;
			buildPhases = (
				EB3A0D581FF3ECC00060A8FA /* Sources */,
				EB3A0D591FF3ECC00060A8FA /* Frameworks */,
				EB3A0D5A1FF3ECC00060A8FA /* Resources */,
			);
			buildRules = (
			);
			dependencies = (
			);
			name = ACoffeeApp;
			productName = ACoffeeApp;
			productReference = EB3A0D5C1FF3ECC00060A8FA /* ACoffeeApp.app */;
			productType = "com.apple.product-type.application";
		};
		EB3A0D6F1FF3ECC10060A8FA /* ACoffeeAppTests */ = {
			isa = PBXNativeTarget;
			buildConfigurationList = EB3A0D871FF3ECC20060A8FA /* Build configuration list for PBXNativeTarget "ACoffeeAppTests" */;
			buildPhases = (
				EB3A0D6C1FF3ECC10060A8FA /* Sources */,
				EB3A0D6D1FF3ECC10060A8FA /* Frameworks */,
				EB3A0D6E1FF3ECC10060A8FA /* Resources */,
			);
			buildRules = (
			);
			dependencies = (
				EB3A0D721FF3ECC10060A8FA /* PBXTargetDependency */,
			);
			name = ACoffeeAppTests;
			productName = ACoffeeAppTests;
			productReference = EB3A0D701FF3ECC10060A8FA /* ACoffeeAppTests.xctest */;
			productType = "com.apple.product-type.bundle.unit-test";
		};
		EB3A0D7A1FF3ECC10060A8FA /* ACoffeeAppUITests */ = {
			isa = PBXNativeTarget;
			buildConfigurationList = EB3A0D8A1FF3ECC20060A8FA /* Build configuration list for PBXNativeTarget "ACoffeeAppUITests" */;
			buildPhases = (
				EB3A0D771FF3ECC10060A8FA /* Sources */,
				EB3A0D781FF3ECC10060A8FA /* Frameworks */,
				EB3A0D791FF3ECC10060A8FA /* Resources */,
			);
			buildRules = (
			);
			dependencies = (
				EB3A0D7D1FF3ECC10060A8FA /* PBXTargetDependency */,
			);
			name = ACoffeeAppUITests;
			productName = ACoffeeAppUITests;
			productReference = EB3A0D7B1FF3ECC10060A8FA /* ACoffeeAppUITests.xctest */;
			productType = "com.apple.product-type.bundle.ui-testing";
		};
/* End PBXNativeTarget section */

/* Begin PBXProject section */
		EB3A0D541FF3ECC00060A8FA /* Project object */ = {
			isa = PBXProject;
			attributes = {
				LastSwiftUpdateCheck = 0920;
				LastUpgradeCheck = 0920;
				ORGANIZATIONNAME = "Prateek Roy";
				TargetAttributes = {
					EB3A0D5B1FF3ECC00060A8FA = {
						CreatedOnToolsVersion = 9.2;
						ProvisioningStyle = Automatic;
					};
					EB3A0D6F1FF3ECC10060A8FA = {
						CreatedOnToolsVersion = 9.2;
						ProvisioningStyle = Automatic;
						TestTargetID = EB3A0D5B1FF3ECC00060A8FA;
					};
					EB3A0D7A1FF3ECC10060A8FA = {
						CreatedOnToolsVersion = 9.2;
						ProvisioningStyle = Automatic;
						TestTargetID = EB3A0D5B1FF3ECC00060A8FA;
					};
				};
			};
			buildConfigurationList = EB3A0D571FF3ECC00060A8FA /* Build configuration list for PBXProject "ACoffeeApp" */;
			compatibilityVersion = "Xcode 8.0";
			developmentRegion = en;
			hasScannedForEncodings = 0;
			knownRegions = (
				en,
				Base,
			);
			mainGroup = EB3A0D531FF3ECC00060A8FA;
			productRefGroup = EB3A0D5D1FF3ECC00060A8FA /* Products */;
			projectDirPath = "";
			projectRoot = "";
			targets = (
				EB3A0D5B1FF3ECC00060A8FA /* ACoffeeApp */,
				EB3A0D6F1FF3ECC10060A8FA /* ACoffeeAppTests */,
				EB3A0D7A1FF3ECC10060A8FA /* ACoffeeAppUITests */,
			);
		};
/* End PBXProject section */

/* Begin PBXResourcesBuildPhase section */
		EB3A0D5A1FF3ECC00060A8FA /* Resources */ = {
			isa = PBXResourcesBuildPhase;
			buildActionMask = 2147483647;
			files = (
				EB3A0D6A1FF3ECC10060A8FA /* LaunchScreen.storyboard in Resources */,
				EB3A0D671FF3ECC10060A8FA /* Assets.xcassets in Resources */,
				EB3A0D651FF3ECC00060A8FA /* Main.storyboard in Resources */,
			);
			runOnlyForDeploymentPostprocessing = 0;
		};
		EB3A0D6E1FF3ECC10060A8FA /* Resources */ = {
			isa = PBXResourcesBuildPhase;
			buildActionMask = 2147483647;
			files = (
			);
			runOnlyForDeploymentPostprocessing = 0;
		};
		EB3A0D791FF3ECC10060A8FA /* Resources */ = {
			isa = PBXResourcesBuildPhase;
			buildActionMask = 2147483647;
			files = (
			);
			runOnlyForDeploymentPostprocessing = 0;
		};
/* End PBXResourcesBuildPhase section */

/* Begin PBXSourcesBuildPhase section */
		EB3A0D581FF3ECC00060A8FA /* Sources */ = {
			isa = PBXSourcesBuildPhase;
			buildActionMask = 2147483647;
			files = (
				EB3A0D621FF3ECC00060A8FA /* ViewController.swift in Sources */,
				EB3A0D601FF3ECC00060A8FA /* AppDelegate.swift in Sources */,
			);
			runOnlyForDeploymentPostprocessing = 0;
		};
		EB3A0D6C1FF3ECC10060A8FA /* Sources */ = {
			isa = PBXSourcesBuildPhase;
			buildActionMask = 2147483647;
			files = (
				EB3A0D751FF3ECC10060A8FA /* ACoffeeAppTests.swift in Sources */,
			);
			runOnlyForDeploymentPostprocessing = 0;
		};
		EB3A0D771FF3ECC10060A8FA /* Sources */ = {
			isa = PBXSourcesBuildPhase;
			buildActionMask = 2147483647;
			files = (
				EB3A0D801FF3ECC20060A8FA /* ACoffeeAppUITests.swift in Sources */,
			);
			runOnlyForDeploymentPostprocessing = 0;
		};
/* End PBXSourcesBuildPhase section */

/* Begin PBXTargetDependency section */
		EB3A0D721FF3ECC10060A8FA /* PBXTargetDependency */ = {
			isa = PBXTargetDependency;
			target = EB3A0D5B1FF3ECC00060A8FA /* ACoffeeApp */;
			targetProxy = EB3A0D711FF3ECC10060A8FA /* PBXContainerItemProxy */;
		};
		EB3A0D7D1FF3ECC10060A8FA /* PBXTargetDependency */ = {
			isa = PBXTargetDependency;
			target = EB3A0D5B1FF3ECC00060A8FA /* ACoffeeApp */;
			targetProxy = EB3A0D7C1FF3ECC10060A8FA /* PBXContainerItemProxy */;
		};
/* End PBXTargetDependency section */

/* Begin PBXVariantGroup section */
		EB3A0D631FF3ECC00060A8FA /* Main.storyboard */ = {
			isa = PBXVariantGroup;
			children = (
				EB3A0D641FF3ECC00060A8FA /* Base */,
			);
			name = Main.storyboard;
			sourceTree = "<group>";
		};
		EB3A0D681FF3ECC10060A8FA /* LaunchScreen.storyboard */ = {
			isa = PBXVariantGroup;
			children = (
				EB3A0D691FF3ECC10060A8FA /* Base */,
			);
			name = LaunchScreen.storyboard;
			sourceTree = "<group>";
		};
/* End PBXVariantGroup section */

/* Begin XCBuildConfiguration section */
		EB3A0D821FF3ECC20060A8FA /* Debug */ = {
			isa = XCBuildConfiguration;
			buildSettings = {
				ALWAYS_SEARCH_USER_PATHS = NO;
				CLANG_ANALYZER_NONNULL = YES;
				CLANG_ANALYZER_NUMBER_OBJECT_CONVERSION = YES_AGGRESSIVE;
				CLANG_CXX_LANGUAGE_STANDARD = "gnu++14";
				CLANG_CXX_LIBRARY = "libc++";
				CLANG_ENABLE_MODULES = YES;
				CLANG_ENABLE_OBJC_ARC = YES;
				CLANG_WARN_BLOCK_CAPTURE_AUTORELEASING = YES;
				CLANG_WARN_BOOL_CONVERSION = YES;
				CLANG_WARN_COMMA = YES;
				CLANG_WARN_CONSTANT_CONVERSION = YES;
				CLANG_WARN_DIRECT_OBJC_ISA_USAGE = YES_ERROR;
				CLANG_WARN_DOCUMENTATION_COMMENTS = YES;
				CLANG_WARN_EMPTY_BODY = YES;
				CLANG_WARN_ENUM_CONVERSION = YES;
				CLANG_WARN_INFINITE_RECURSION = YES;
				CLANG_WARN_INT_CONVERSION = YES;
				CLANG_WARN_NON_LITERAL_NULL_CONVERSION = YES;
				CLANG_WARN_OBJC_LITERAL_CONVERSION = YES;
				CLANG_WARN_OBJC_ROOT_CLASS = YES_ERROR;
				CLANG_WARN_RANGE_LOOP_ANALYSIS = YES;
				CLANG_WARN_STRICT_PROTOTYPES = YES;
				CLANG_WARN_SUSPICIOUS_MOVE = YES;
				CLANG_WARN_UNGUARDED_AVAILABILITY = YES_AGGRESSIVE;
				CLANG_WARN_UNREACHABLE_CODE = YES;
				CLANG_WARN__DUPLICATE_METHOD_MATCH = YES;
				CODE_SIGN_IDENTITY = "iPhone Developer";
				COPY_PHASE_STRIP = NO;
				DEBUG_INFORMATION_FORMAT = dwarf;
				ENABLE_STRICT_OBJC_MSGSEND = YES;
				ENABLE_TESTABILITY = YES;
				GCC_C_LANGUAGE_STANDARD = gnu11;
				GCC_DYNAMIC_NO_PIC = NO;
				GCC_NO_COMMON_BLOCKS = YES;
				GCC_OPTIMIZATION_LEVEL = 0;
				GCC_PREPROCESSOR_DEFINITIONS = (
					"DEBUG=1",
					"$(inherited)",
				);
				GCC_WARN_64_TO_32_BIT_CONVERSION = YES;
				GCC_WARN_ABOUT_RETURN_TYPE = YES_ERROR;
				GCC_WARN_UNDECLARED_SELECTOR = YES;
				GCC_WARN_UNINITIALIZED_AUTOS = YES_AGGRESSIVE;
				GCC_WARN_UNUSED_FUNCTION = YES;
				GCC_WARN_UNUSED_VARIABLE = YES;
				IPHONEOS_DEPLOYMENT_TARGET = 11.2;
				MTL_ENABLE_DEBUG_INFO = YES;
				ONLY_ACTIVE_ARCH = YES;
				SDKROOT = iphoneos;
				SWIFT_ACTIVE_COMPILATION_CONDITIONS = DEBUG;
				SWIFT_OPTIMIZATION_LEVEL = "-Onone";
			};
			name = Debug;
		};
		EB3A0D831FF3ECC20060A8FA /* Release */ = {
			isa = XCBuildConfiguration;
			buildSettings = {
				ALWAYS_SEARCH_USER_PATHS = NO;
				CLANG_ANALYZER_NONNULL = YES;
				CLANG_ANALYZER_NUMBER_OBJECT_CONVERSION = YES_AGGRESSIVE;
				CLANG_CXX_LANGUAGE_STANDARD = "gnu++14";
				CLANG_CXX_LIBRARY = "libc++";
				CLANG_ENABLE_MODULES = YES;
				CLANG_ENABLE_OBJC_ARC = YES;
				CLANG_WARN_BLOCK_CAPTURE_AUTORELEASING = YES;
				CLANG_WARN_BOOL_CONVERSION = YES;
				CLANG_WARN_COMMA = YES;
				CLANG_WARN_CONSTANT_CONVERSION = YES;
				CLANG_WARN_DIRECT_OBJC_ISA_USAGE = YES_ERROR;
				CLANG_WARN_DOCUMENTATION_COMMENTS = YES;
				CLANG_WARN_EMPTY_BODY = YES;
				CLANG_WARN_ENUM_CONVERSION = YES;
				CLANG_WARN_INFINITE_RECURSION = YES;
				CLANG_WARN_INT_CONVERSION = YES;
				CLANG_WARN_NON_LITERAL_NULL_CONVERSION = YES;
				CLANG_WARN_OBJC_LITERAL_CONVERSION = YES;
				CLANG_WARN_OBJC_ROOT_CLASS = YES_ERROR;
				CLANG_WARN_RANGE_LOOP_ANALYSIS = YES;
				CLANG_WARN_STRICT_PROTOTYPES = YES;
				CLANG_WARN_SUSPICIOUS_MOVE = YES;
				CLANG_WARN_UNGUARDED_AVAILABILITY = YES_AGGRESSIVE;
				CLANG_WARN_UNREACHABLE_CODE = YES;
				CLANG_WARN__DUPLICATE_METHOD_MATCH = YES;
				CODE_SIGN_IDENTITY = "iPhone Developer";
				COPY_PHASE_STRIP = NO;
				DEBUG_INFORMATION_FORMAT = "dwarf-with-dsym";
				ENABLE_NS_ASSERTIONS = NO;
				ENABLE_STRICT_OBJC_MSGSEND = YES;
				GCC_C_LANGUAGE_STANDARD = gnu11;
				GCC_NO_COMMON_BLOCKS = YES;
				GCC_WARN_64_TO_32_BIT_CONVERSION = YES;
				GCC_WARN_ABOUT_RETURN_TYPE = YES_ERROR;
				GCC_WARN_UNDECLARED_SELECTOR = YES;
				GCC_WARN_UNINITIALIZED_AUTOS = YES_AGGRESSIVE;
				GCC_WARN_UNUSED_FUNCTION = YES;
				GCC_WARN_UNUSED_VARIABLE = YES;
				IPHONEOS_DEPLOYMENT_TARGET = 11.2;
				MTL_ENABLE_DEBUG_INFO = NO;
				SDKROOT = iphoneos;
				SWIFT_OPTIMIZATION_LEVEL = "-Owholemodule";
				VALIDATE_PRODUCT = YES;
			};
			name = Release;
		};
		EB3A0D851FF3ECC20060A8FA /* Debug */ = {
			isa = XCBuildConfiguration;
			buildSettings = {
				ASSETCATALOG_COMPILER_APPICON_NAME = AppIcon;
				CODE_SIGN_STYLE = Automatic;
				INFOPLIST_FILE = ACoffeeApp/Info.plist;
				LD_RUNPATH_SEARCH_PATHS = "$(inherited) @executable_path/Frameworks";
				PRODUCT_BUNDLE_IDENTIFIER = royprateek.ACoffeeApp;
				PRODUCT_NAME = "$(TARGET_NAME)";
				SWIFT_VERSION = 4.0;
				TARGETED_DEVICE_FAMILY = "1,2";
			};
			name = Debug;
		};
		EB3A0D861FF3ECC20060A8FA /* Release */ = {
			isa = XCBuildConfiguration;
			buildSettings = {
				ASSETCATALOG_COMPILER_APPICON_NAME = AppIcon;
				CODE_SIGN_STYLE = Automatic;
				INFOPLIST_FILE = ACoffeeApp/Info.plist;
				LD_RUNPATH_SEARCH_PATHS = "$(inherited) @executable_path/Frameworks";
				PRODUCT_BUNDLE_IDENTIFIER = royprateek.ACoffeeApp;
				PRODUCT_NAME = "$(TARGET_NAME)";
				SWIFT_VERSION = 4.0;
				TARGETED_DEVICE_FAMILY = "1,2";
			};
			name = Release;
		};
		EB3A0D881FF3ECC20060A8FA /* Debug */ = {
			isa = XCBuildConfiguration;
			buildSettings = {
				ALWAYS_EMBED_SWIFT_STANDARD_LIBRARIES = YES;
				BUNDLE_LOADER = "$(TEST_HOST)";
				CODE_SIGN_STYLE = Automatic;
				INFOPLIST_FILE = ACoffeeAppTests/Info.plist;
				LD_RUNPATH_SEARCH_PATHS = "$(inherited) @executable_path/Frameworks @loader_path/Frameworks";
				PRODUCT_BUNDLE_IDENTIFIER = royprateek.ACoffeeAppTests;
				PRODUCT_NAME = "$(TARGET_NAME)";
				SWIFT_VERSION = 4.0;
				TARGETED_DEVICE_FAMILY = "1,2";
				TEST_HOST = "$(BUILT_PRODUCTS_DIR)/ACoffeeApp.app/ACoffeeApp";
			};
			name = Debug;
		};
		EB3A0D891FF3ECC20060A8FA /* Release */ = {
			isa = XCBuildConfiguration;
			buildSettings = {
				ALWAYS_EMBED_SWIFT_STANDARD_LIBRARIES = YES;
				BUNDLE_LOADER = "$(TEST_HOST)";
				CODE_SIGN_STYLE = Automatic;
				INFOPLIST_FILE = ACoffeeAppTests/Info.plist;
				LD_RUNPATH_SEARCH_PATHS = "$(inherited) @executable_path/Frameworks @loader_path/Frameworks";
				PRODUCT_BUNDLE_IDENTIFIER = royprateek.ACoffeeAppTests;
				PRODUCT_NAME = "$(TARGET_NAME)";
				SWIFT_VERSION = 4.0;
				TARGETED_DEVICE_FAMILY = "1,2";
				TEST_HOST = "$(BUILT_PRODUCTS_DIR)/ACoffeeApp.app/ACoffeeApp";
			};
			name = Release;
		};
		EB3A0D8B1FF3ECC20060A8FA /* Debug */ = {
			isa = XCBuildConfiguration;
			buildSettings = {
				ALWAYS_EMBED_SWIFT_STANDARD_LIBRARIES = YES;
				CODE_SIGN_STYLE = Automatic;
				INFOPLIST_FILE = ACoffeeAppUITests/Info.plist;
				LD_RUNPATH_SEARCH_PATHS = "$(inherited) @executable_path/Frameworks @loader_path/Frameworks";
				PRODUCT_BUNDLE_IDENTIFIER = royprateek.ACoffeeAppUITests;
				PRODUCT_NAME = "$(TARGET_NAME)";
				SWIFT_VERSION = 4.0;
				TARGETED_DEVICE_FAMILY = "1,2";
				TEST_TARGET_NAME = ACoffeeApp;
			};
			name = Debug;
		};
		EB3A0D8C1FF3ECC20060A8FA /* Release */ = {
			isa = XCBuildConfiguration;
			buildSettings = {
				ALWAYS_EMBED_SWIFT_STANDARD_LIBRARIES = YES;
				CODE_SIGN_STYLE = Automatic;
				INFOPLIST_FILE = ACoffeeAppUITests/Info.plist;
				LD_RUNPATH_SEARCH_PATHS = "$(inherited) @executable_path/Frameworks @loader_path/Frameworks";
				PRODUCT_BUNDLE_IDENTIFIER = royprateek.ACoffeeAppUITests;
				PRODUCT_NAME = "$(TARGET_NAME)";
				SWIFT_VERSION = 4.0;
				TARGETED_DEVICE_FAMILY = "1,2";
				TEST_TARGET_NAME = ACoffeeApp;
			};
			name = Release;
		};
/* End XCBuildConfiguration section */

/* Begin XCConfigurationList section */
		EB3A0D571FF3ECC00060A8FA /* Build configuration list for PBXProject "ACoffeeApp" */ = {
			isa = XCConfigurationList;
			buildConfigurations = (
				EB3A0D821FF3ECC20060A8FA /* Debug */,
				EB3A0D831FF3ECC20060A8FA /* Release */,
			);
			defaultConfigurationIsVisible = 0;
			defaultConfigurationName = Release;
		};
		EB3A0D841FF3ECC20060A8FA /* Build configuration list for PBXNativeTarget "ACoffeeApp" */ = {
			isa = XCConfigurationList;
			buildConfigurations = (
				EB3A0D851FF3ECC20060A8FA /* Debug */,
				EB3A0D861FF3ECC20060A8FA /* Release */,
			);
			defaultConfigurationIsVisible = 0;
			defaultConfigurationName = Release;
		};
		EB3A0D871FF3ECC20060A8FA /* Build configuration list for PBXNativeTarget "ACoffeeAppTests" */ = {
			isa = XCConfigurationList;
			buildConfigurations = (
				EB3A0D881FF3ECC20060A8FA /* Debug */,
				EB3A0D891FF3ECC20060A8FA /* Release */,
			);
			defaultConfigurationIsVisible = 0;
			defaultConfigurationName = Release;
		};
		EB3A0D8A1FF3ECC20060A8FA /* Build configuration list for PBXNativeTarget "ACoffeeAppUITests" */ = {
			isa = XCConfigurationList;
			buildConfigurations = (
				EB3A0D8B1FF3ECC20060A8FA /* Debug */,
				EB3A0D8C1FF3ECC20060A8FA /* Release */,
			);
			defaultConfigurationIsVisible = 0;
			defaultConfigurationName = Release;
		};
/* End XCConfigurationList section */
	};
	rootObject = EB3A0D541FF3ECC00060A8FA /* Project object */;
}
