// !$*UTF8*$!
{
	archiveVersion = 1;
	classes = {
	};
	objectVersion = 48;
	objects = {

/* Begin PBXBuildFile section */
		EB0C71CD2029785E00DFD75F /* HeroStats.swift in Sources */ = {isa = PBXBuildFile; fileRef = EB0C71CC2029785E00DFD75F /* HeroStats.swift */; };
		EB129DF72028903000A03DE7 /* AppDelegate.swift in Sources */ = {isa = PBXBuildFile; fileRef = EB129DF62028903000A03DE7 /* AppDelegate.swift */; };
		EB129DF92028903000A03DE7 /* ViewController.swift in Sources */ = {isa = PBXBuildFile; fileRef = EB129DF82028903000A03DE7 /* ViewController.swift */; };
		EB129DFC2028903000A03DE7 /* Main.storyboard in Resources */ = {isa = PBXBuildFile; fileRef = EB129DFA2028903000A03DE7 /* Main.storyboard */; };
		EB129DFE2028903000A03DE7 /* Assets.xcassets in Resources */ = {isa = PBXBuildFile; fileRef = EB129DFD2028903000A03DE7 /* Assets.xcassets */; };
		EB129E012028903000A03DE7 /* LaunchScreen.storyboard in Resources */ = {isa = PBXBuildFile; fileRef = EB129DFF2028903000A03DE7 /* LaunchScreen.storyboard */; };
		EB129E092028920300A03DE7 /* DetailedViewController.swift in Sources */ = {isa = PBXBuildFile; fileRef = EB129E082028920200A03DE7 /* DetailedViewController.swift */; };
/* End PBXBuildFile section */

/* Begin PBXFileReference section */
		EB0C71CC2029785E00DFD75F /* HeroStats.swift */ = {isa = PBXFileReference; lastKnownFileType = sourcecode.swift; path = HeroStats.swift; sourceTree = "<group>"; };
		EB129DF32028903000A03DE7 /* Tableview JSON.app */ = {isa = PBXFileReference; explicitFileType = wrapper.application; includeInIndex = 0; path = "Tableview JSON.app"; sourceTree = BUILT_PRODUCTS_DIR; };
		EB129DF62028903000A03DE7 /* AppDelegate.swift */ = {isa = PBXFileReference; lastKnownFileType = sourcecode.swift; path = AppDelegate.swift; sourceTree = "<group>"; };
		EB129DF82028903000A03DE7 /* ViewController.swift */ = {isa = PBXFileReference; lastKnownFileType = sourcecode.swift; path = ViewController.swift; sourceTree = "<group>"; };
		EB129DFB2028903000A03DE7 /* Base */ = {isa = PBXFileReference; lastKnownFileType = file.storyboard; name = Base; path = Base.lproj/Main.storyboard; sourceTree = "<group>"; };
		EB129DFD2028903000A03DE7 /* Assets.xcassets */ = {isa = PBXFileReference; lastKnownFileType = folder.assetcatalog; path = Assets.xcassets; sourceTree = "<group>"; };
		EB129E002028903000A03DE7 /* Base */ = {isa = PBXFileReference; lastKnownFileType = file.storyboard; name = Base; path = Base.lproj/LaunchScreen.storyboard; sourceTree = "<group>"; };
		EB129E022028903000A03DE7 /* Info.plist */ = {isa = PBXFileReference; lastKnownFileType = text.plist.xml; path = Info.plist; sourceTree = "<group>"; };
		EB129E082028920200A03DE7 /* DetailedViewController.swift */ = {isa = PBXFileReference; lastKnownFileType = sourcecode.swift; path = DetailedViewController.swift; sourceTree = "<group>"; };
/* End PBXFileReference section */

/* Begin PBXFrameworksBuildPhase section */
		EB129DF02028903000A03DE7 /* Frameworks */ = {
			isa = PBXFrameworksBuildPhase;
			buildActionMask = 2147483647;
			files = (
			);
			runOnlyForDeploymentPostprocessing = 0;
		};
/* End PBXFrameworksBuildPhase section */

/* Begin PBXGroup section */
		EB129DEA2028903000A03DE7 = {
			isa = PBXGroup;
			children = (
				EB129DF52028903000A03DE7 /* Tableview JSON */,
				EB129DF42028903000A03DE7 /* Products */,
			);
			sourceTree = "<group>";
		};
		EB129DF42028903000A03DE7 /* Products */ = {
			isa = PBXGroup;
			children = (
				EB129DF32028903000A03DE7 /* Tableview JSON.app */,
			);
			name = Products;
			sourceTree = "<group>";
		};
		EB129DF52028903000A03DE7 /* Tableview JSON */ = {
			isa = PBXGroup;
			children = (
				EB129DF62028903000A03DE7 /* AppDelegate.swift */,
				EB129E0A2028921400A03DE7 /* Models */,
				EB129DFA2028903000A03DE7 /* Main.storyboard */,
				EB129DFD2028903000A03DE7 /* Assets.xcassets */,
				EB129DFF2028903000A03DE7 /* LaunchScreen.storyboard */,
				EB129E022028903000A03DE7 /* Info.plist */,
			);
			path = "Tableview JSON";
			sourceTree = "<group>";
		};
		EB129E0A2028921400A03DE7 /* Models */ = {
			isa = PBXGroup;
			children = (
				EB129DF82028903000A03DE7 /* ViewController.swift */,
				EB129E082028920200A03DE7 /* DetailedViewController.swift */,
				EB0C71CC2029785E00DFD75F /* HeroStats.swift */,
			);
			path = Models;
			sourceTree = "<group>";
		};
/* End PBXGroup section */

/* Begin PBXNativeTarget section */
		EB129DF22028903000A03DE7 /* Tableview JSON */ = {
			isa = PBXNativeTarget;
			buildConfigurationList = EB129E052028903000A03DE7 /* Build configuration list for PBXNativeTarget "Tableview JSON" */;
			buildPhases = (
				EB129DEF2028903000A03DE7 /* Sources */,
				EB129DF02028903000A03DE7 /* Frameworks */,
				EB129DF12028903000A03DE7 /* Resources */,
			);
			buildRules = (
			);
			dependencies = (
			);
			name = "Tableview JSON";
			productName = "Tableview JSON";
			productReference = EB129DF32028903000A03DE7 /* Tableview JSON.app */;
			productType = "com.apple.product-type.application";
		};
/* End PBXNativeTarget section */

/* Begin PBXProject section */
		EB129DEB2028903000A03DE7 /* Project object */ = {
			isa = PBXProject;
			attributes = {
				LastSwiftUpdateCheck = 0920;
				LastUpgradeCheck = 0920;
				ORGANIZATIONNAME = "Prateek Roy";
				TargetAttributes = {
					EB129DF22028903000A03DE7 = {
						CreatedOnToolsVersion = 9.2;
						ProvisioningStyle = Automatic;
					};
				};
			};
			buildConfigurationList = EB129DEE2028903000A03DE7 /* Build configuration list for PBXProject "Tableview JSON" */;
			compatibilityVersion = "Xcode 8.0";
			developmentRegion = en;
			hasScannedForEncodings = 0;
			knownRegions = (
				en,
				Base,
			);
			mainGroup = EB129DEA2028903000A03DE7;
			productRefGroup = EB129DF42028903000A03DE7 /* Products */;
			projectDirPath = "";
			projectRoot = "";
			targets = (
				EB129DF22028903000A03DE7 /* Tableview JSON */,
			);
		};
/* End PBXProject section */

/* Begin PBXResourcesBuildPhase section */
		EB129DF12028903000A03DE7 /* Resources */ = {
			isa = PBXResourcesBuildPhase;
			buildActionMask = 2147483647;
			files = (
				EB129E012028903000A03DE7 /* LaunchScreen.storyboard in Resources */,
				EB129DFE2028903000A03DE7 /* Assets.xcassets in Resources */,
				EB129DFC2028903000A03DE7 /* Main.storyboard in Resources */,
			);
			runOnlyForDeploymentPostprocessing = 0;
		};
/* End PBXResourcesBuildPhase section */

/* Begin PBXSourcesBuildPhase section */
		EB129DEF2028903000A03DE7 /* Sources */ = {
			isa = PBXSourcesBuildPhase;
			buildActionMask = 2147483647;
			files = (
				EB129DF92028903000A03DE7 /* ViewController.swift in Sources */,
				EB129DF72028903000A03DE7 /* AppDelegate.swift in Sources */,
				EB129E092028920300A03DE7 /* DetailedViewController.swift in Sources */,
				EB0C71CD2029785E00DFD75F /* HeroStats.swift in Sources */,
			);
			runOnlyForDeploymentPostprocessing = 0;
		};
/* End PBXSourcesBuildPhase section */

/* Begin PBXVariantGroup section */
		EB129DFA2028903000A03DE7 /* Main.storyboard */ = {
			isa = PBXVariantGroup;
			children = (
				EB129DFB2028903000A03DE7 /* Base */,
			);
			name = Main.storyboard;
			sourceTree = "<group>";
		};
		EB129DFF2028903000A03DE7 /* LaunchScreen.storyboard */ = {
			isa = PBXVariantGroup;
			children = (
				EB129E002028903000A03DE7 /* Base */,
			);
			name = LaunchScreen.storyboard;
			sourceTree = "<group>";
		};
/* End PBXVariantGroup section */

/* Begin XCBuildConfiguration section */
		EB129E032028903000A03DE7 /* Debug */ = {
			isa = XCBuildConfiguration;
			buildSettings = {
				ALWAYS_SEARCH_USER_PATHS = NO;
				CLANG_ANALYZER_NONNULL = YES;
				CLANG_ANALYZER_NUMBER_OBJECT_CONVERSION = YES_AGGRESSIVE;
				CLANG_CXX_LANGUAGE_STANDARD = "gnu++14";
				CLANG_CXX_LIBRARY = "libc++";
				CLANG_ENABLE_MODULES = YES;
				CLANG_ENABLE_OBJC_ARC = YES;
				CLANG_WARN_BLOCK_CAPTURE_AUTORELEASING = YES;
				CLANG_WARN_BOOL_CONVERSION = YES;
				CLANG_WARN_COMMA = YES;
				CLANG_WARN_CONSTANT_CONVERSION = YES;
				CLANG_WARN_DIRECT_OBJC_ISA_USAGE = YES_ERROR;
				CLANG_WARN_DOCUMENTATION_COMMENTS = YES;
				CLANG_WARN_EMPTY_BODY = YES;
				CLANG_WARN_ENUM_CONVERSION = YES;
				CLANG_WARN_INFINITE_RECURSION = YES;
				CLANG_WARN_INT_CONVERSION = YES;
				CLANG_WARN_NON_LITERAL_NULL_CONVERSION = YES;
				CLANG_WARN_OBJC_LITERAL_CONVERSION = YES;
				CLANG_WARN_OBJC_ROOT_CLASS = YES_ERROR;
				CLANG_WARN_RANGE_LOOP_ANALYSIS = YES;
				CLANG_WARN_STRICT_PROTOTYPES = YES;
				CLANG_WARN_SUSPICIOUS_MOVE = YES;
				CLANG_WARN_UNGUARDED_AVAILABILITY = YES_AGGRESSIVE;
				CLANG_WARN_UNREACHABLE_CODE = YES;
				CLANG_WARN__DUPLICATE_METHOD_MATCH = YES;
				CODE_SIGN_IDENTITY = "iPhone Developer";
				COPY_PHASE_STRIP = NO;
				DEBUG_INFORMATION_FORMAT = dwarf;
				ENABLE_STRICT_OBJC_MSGSEND = YES;
				ENABLE_TESTABILITY = YES;
				GCC_C_LANGUAGE_STANDARD = gnu11;
				GCC_DYNAMIC_NO_PIC = NO;
				GCC_NO_COMMON_BLOCKS = YES;
				GCC_OPTIMIZATION_LEVEL = 0;
				GCC_PREPROCESSOR_DEFINITIONS = (
					"DEBUG=1",
					"$(inherited)",
				);
				GCC_WARN_64_TO_32_BIT_CONVERSION = YES;
				GCC_WARN_ABOUT_RETURN_TYPE = YES_ERROR;
				GCC_WARN_UNDECLARED_SELECTOR = YES;
				GCC_WARN_UNINITIALIZED_AUTOS = YES_AGGRESSIVE;
				GCC_WARN_UNUSED_FUNCTION = YES;
				GCC_WARN_UNUSED_VARIABLE = YES;
				IPHONEOS_DEPLOYMENT_TARGET = 11.2;
				MTL_ENABLE_DEBUG_INFO = YES;
				ONLY_ACTIVE_ARCH = YES;
				SDKROOT = iphoneos;
				SWIFT_ACTIVE_COMPILATION_CONDITIONS = DEBUG;
				SWIFT_OPTIMIZATION_LEVEL = "-Onone";
			};
			name = Debug;
		};
		EB129E042028903000A03DE7 /* Release */ = {
			isa = XCBuildConfiguration;
			buildSettings = {
				ALWAYS_SEARCH_USER_PATHS = NO;
				CLANG_ANALYZER_NONNULL = YES;
				CLANG_ANALYZER_NUMBER_OBJECT_CONVERSION = YES_AGGRESSIVE;
				CLANG_CXX_LANGUAGE_STANDARD = "gnu++14";
				CLANG_CXX_LIBRARY = "libc++";
				CLANG_ENABLE_MODULES = YES;
				CLANG_ENABLE_OBJC_ARC = YES;
				CLANG_WARN_BLOCK_CAPTURE_AUTORELEASING = YES;
				CLANG_WARN_BOOL_CONVERSION = YES;
				CLANG_WARN_COMMA = YES;
				CLANG_WARN_CONSTANT_CONVERSION = YES;
				CLANG_WARN_DIRECT_OBJC_ISA_USAGE = YES_ERROR;
				CLANG_WARN_DOCUMENTATION_COMMENTS = YES;
				CLANG_WARN_EMPTY_BODY = YES;
				CLANG_WARN_ENUM_CONVERSION = YES;
				CLANG_WARN_INFINITE_RECURSION = YES;
				CLANG_WARN_INT_CONVERSION = YES;
				CLANG_WARN_NON_LITERAL_NULL_CONVERSION = YES;
				CLANG_WARN_OBJC_LITERAL_CONVERSION = YES;
				CLANG_WARN_OBJC_ROOT_CLASS = YES_ERROR;
				CLANG_WARN_RANGE_LOOP_ANALYSIS = YES;
				CLANG_WARN_STRICT_PROTOTYPES = YES;
				CLANG_WARN_SUSPICIOUS_MOVE = YES;
				CLANG_WARN_UNGUARDED_AVAILABILITY = YES_AGGRESSIVE;
				CLANG_WARN_UNREACHABLE_CODE = YES;
				CLANG_WARN__DUPLICATE_METHOD_MATCH = YES;
				CODE_SIGN_IDENTITY = "iPhone Developer";
				COPY_PHASE_STRIP = NO;
				DEBUG_INFORMATION_FORMAT = "dwarf-with-dsym";
				ENABLE_NS_ASSERTIONS = NO;
				ENABLE_STRICT_OBJC_MSGSEND = YES;
				GCC_C_LANGUAGE_STANDARD = gnu11;
				GCC_NO_COMMON_BLOCKS = YES;
				GCC_WARN_64_TO_32_BIT_CONVERSION = YES;
				GCC_WARN_ABOUT_RETURN_TYPE = YES_ERROR;
				GCC_WARN_UNDECLARED_SELECTOR = YES;
				GCC_WARN_UNINITIALIZED_AUTOS = YES_AGGRESSIVE;
				GCC_WARN_UNUSED_FUNCTION = YES;
				GCC_WARN_UNUSED_VARIABLE = YES;
				IPHONEOS_DEPLOYMENT_TARGET = 11.2;
				MTL_ENABLE_DEBUG_INFO = NO;
				SDKROOT = iphoneos;
				SWIFT_OPTIMIZATION_LEVEL = "-Owholemodule";
				VALIDATE_PRODUCT = YES;
			};
			name = Release;
		};
		EB129E062028903000A03DE7 /* Debug */ = {
			isa = XCBuildConfiguration;
			buildSettings = {
				ASSETCATALOG_COMPILER_APPICON_NAME = AppIcon;
				CODE_SIGN_STYLE = Automatic;
				INFOPLIST_FILE = "Tableview JSON/Info.plist";
				LD_RUNPATH_SEARCH_PATHS = "$(inherited) @executable_path/Frameworks";
				PRODUCT_BUNDLE_IDENTIFIER = "royprateek.Tableview-JSON";
				PRODUCT_NAME = "$(TARGET_NAME)";
				SWIFT_VERSION = 4.0;
				TARGETED_DEVICE_FAMILY = "1,2";
			};
			name = Debug;
		};
		EB129E072028903000A03DE7 /* Release */ = {
			isa = XCBuildConfiguration;
			buildSettings = {
				ASSETCATALOG_COMPILER_APPICON_NAME = AppIcon;
				CODE_SIGN_STYLE = Automatic;
				INFOPLIST_FILE = "Tableview JSON/Info.plist";
				LD_RUNPATH_SEARCH_PATHS = "$(inherited) @executable_path/Frameworks";
				PRODUCT_BUNDLE_IDENTIFIER = "royprateek.Tableview-JSON";
				PRODUCT_NAME = "$(TARGET_NAME)";
				SWIFT_VERSION = 4.0;
				TARGETED_DEVICE_FAMILY = "1,2";
			};
			name = Release;
		};
/* End XCBuildConfiguration section */

/* Begin XCConfigurationList section */
		EB129DEE2028903000A03DE7 /* Build configuration list for PBXProject "Tableview JSON" */ = {
			isa = XCConfigurationList;
			buildConfigurations = (
				EB129E032028903000A03DE7 /* Debug */,
				EB129E042028903000A03DE7 /* Release */,
			);
			defaultConfigurationIsVisible = 0;
			defaultConfigurationName = Release;
		};
		EB129E052028903000A03DE7 /* Build configuration list for PBXNativeTarget "Tableview JSON" */ = {
			isa = XCConfigurationList;
			buildConfigurations = (
				EB129E062028903000A03DE7 /* Debug */,
				EB129E072028903000A03DE7 /* Release */,
			);
			defaultConfigurationIsVisible = 0;
			defaultConfigurationName = Release;
		};
/* End XCConfigurationList section */
	};
	rootObject = EB129DEB2028903000A03DE7 /* Project object */;
}
